// !$*UTF8*$!
{
	archiveVersion = 1;
	classes = {
	};
	objectVersion = 46;
	objects = {

/* Begin PBXBuildFile section */
		2DEA07B21F6037070097D093 /* IQNSArray+Sort.m in Sources */ = {isa = PBXBuildFile; fileRef = 2DEA078E1F6037070097D093 /* IQNSArray+Sort.m */; };
		2DEA07B31F6037070097D093 /* IQUIScrollView+Additions.m in Sources */ = {isa = PBXBuildFile; fileRef = 2DEA07901F6037070097D093 /* IQUIScrollView+Additions.m */; };
		2DEA07B41F6037070097D093 /* IQUITextFieldView+Additions.m in Sources */ = {isa = PBXBuildFile; fileRef = 2DEA07921F6037070097D093 /* IQUITextFieldView+Additions.m */; };
		2DEA07B51F6037070097D093 /* IQUIView+Hierarchy.m in Sources */ = {isa = PBXBuildFile; fileRef = 2DEA07941F6037070097D093 /* IQUIView+Hierarchy.m */; };
		2DEA07B61F6037070097D093 /* IQUIViewController+Additions.m in Sources */ = {isa = PBXBuildFile; fileRef = 2DEA07961F6037070097D093 /* IQUIViewController+Additions.m */; };
		2DEA07B71F6037070097D093 /* IQUIWindow+Hierarchy.m in Sources */ = {isa = PBXBuildFile; fileRef = 2DEA07981F6037070097D093 /* IQUIWindow+Hierarchy.m */; };
		2DEA07B81F6037070097D093 /* IQKeyboardManager.m in Sources */ = {isa = PBXBuildFile; fileRef = 2DEA079D1F6037070097D093 /* IQKeyboardManager.m */; };
		2DEA07B91F6037070097D093 /* IQKeyboardReturnKeyHandler.m in Sources */ = {isa = PBXBuildFile; fileRef = 2DEA079F1F6037070097D093 /* IQKeyboardReturnKeyHandler.m */; };
		2DEA07BA1F6037070097D093 /* IQTextView.m in Sources */ = {isa = PBXBuildFile; fileRef = 2DEA07A21F6037070097D093 /* IQTextView.m */; };
		2DEA07BB1F6037070097D093 /* IQBarButtonItem.m in Sources */ = {isa = PBXBuildFile; fileRef = 2DEA07A51F6037070097D093 /* IQBarButtonItem.m */; };
		2DEA07BC1F6037070097D093 /* IQPreviousNextView.m in Sources */ = {isa = PBXBuildFile; fileRef = 2DEA07A71F6037070097D093 /* IQPreviousNextView.m */; };
		2DEA07BD1F6037070097D093 /* IQTitleBarButtonItem.m in Sources */ = {isa = PBXBuildFile; fileRef = 2DEA07A91F6037070097D093 /* IQTitleBarButtonItem.m */; };
		2DEA07BE1F6037070097D093 /* IQToolbar.m in Sources */ = {isa = PBXBuildFile; fileRef = 2DEA07AB1F6037070097D093 /* IQToolbar.m */; };
		2DEA07BF1F6037070097D093 /* IQUIView+IQKeyboardToolbar.m in Sources */ = {isa = PBXBuildFile; fileRef = 2DEA07AD1F6037070097D093 /* IQUIView+IQKeyboardToolbar.m */; };
		2DEA07C01F6037070097D093 /* IQKeyboardManager.bundle in Resources */ = {isa = PBXBuildFile; fileRef = 2DEA07AF1F6037070097D093 /* IQKeyboardManager.bundle */; };
		2DEA07C11F6037070097D093 /* LICENSE.md in Sources */ = {isa = PBXBuildFile; fileRef = 2DEA07B01F6037070097D093 /* LICENSE.md */; };
		2DEA07C21F6037070097D093 /* README.md in Sources */ = {isa = PBXBuildFile; fileRef = 2DEA07B11F6037070097D093 /* README.md */; };
		E9D4A8A01F5FE833006C1B67 /* main.m in Sources */ = {isa = PBXBuildFile; fileRef = E9D4A89F1F5FE833006C1B67 /* main.m */; };
		E9D4A8A31F5FE833006C1B67 /* AppDelegate.m in Sources */ = {isa = PBXBuildFile; fileRef = E9D4A8A21F5FE833006C1B67 /* AppDelegate.m */; };
		E9D4A8A61F5FE833006C1B67 /* ViewController.m in Sources */ = {isa = PBXBuildFile; fileRef = E9D4A8A51F5FE833006C1B67 /* ViewController.m */; };
		E9D4A8A91F5FE833006C1B67 /* Main.storyboard in Resources */ = {isa = PBXBuildFile; fileRef = E9D4A8A71F5FE833006C1B67 /* Main.storyboard */; };
		E9D4A8AB1F5FE833006C1B67 /* Assets.xcassets in Resources */ = {isa = PBXBuildFile; fileRef = E9D4A8AA1F5FE833006C1B67 /* Assets.xcassets */; };
		E9D4A8AE1F5FE833006C1B67 /* LaunchScreen.storyboard in Resources */ = {isa = PBXBuildFile; fileRef = E9D4A8AC1F5FE833006C1B67 /* LaunchScreen.storyboard */; };
		E9D4A8B81F5FE87C006C1B67 /* HHRegistController.m in Sources */ = {isa = PBXBuildFile; fileRef = E9D4A8B71F5FE87C006C1B67 /* HHRegistController.m */; };
		E9D4A8BC1F5FEC32006C1B67 /* HHTextFieldCell.m in Sources */ = {isa = PBXBuildFile; fileRef = E9D4A8BA1F5FEC32006C1B67 /* HHTextFieldCell.m */; };
		E9D4A8BD1F5FEC32006C1B67 /* HHTextFieldCell.xib in Resources */ = {isa = PBXBuildFile; fileRef = E9D4A8BB1F5FEC32006C1B67 /* HHTextFieldCell.xib */; };
		E9D4A8C11F5FEEC2006C1B67 /* UIViewController+DismissKeyboard.m in Sources */ = {isa = PBXBuildFile; fileRef = E9D4A8C01F5FEEC2006C1B67 /* UIViewController+DismissKeyboard.m */; };
		E9D4A8C41F5FEF90006C1B67 /* KeyboardManager.m in Sources */ = {isa = PBXBuildFile; fileRef = E9D4A8C31F5FEF90006C1B67 /* KeyboardManager.m */; };
		E9D4A8C71F5FF10B006C1B67 /* HHTextModel.m in Sources */ = {isa = PBXBuildFile; fileRef = E9D4A8C61F5FF10B006C1B67 /* HHTextModel.m */; };
/* End PBXBuildFile section */

/* Begin PBXFileReference section */
		2DEA078D1F6037070097D093 /* IQNSArray+Sort.h */ = {isa = PBXFileReference; fileEncoding = 4; lastKnownFileType = sourcecode.c.h; path = "IQNSArray+Sort.h"; sourceTree = "<group>"; };
		2DEA078E1F6037070097D093 /* IQNSArray+Sort.m */ = {isa = PBXFileReference; fileEncoding = 4; lastKnownFileType = sourcecode.c.objc; path = "IQNSArray+Sort.m"; sourceTree = "<group>"; };
		2DEA078F1F6037070097D093 /* IQUIScrollView+Additions.h */ = {isa = PBXFileReference; fileEncoding = 4; lastKnownFileType = sourcecode.c.h; path = "IQUIScrollView+Additions.h"; sourceTree = "<group>"; };
		2DEA07901F6037070097D093 /* IQUIScrollView+Additions.m */ = {isa = PBXFileReference; fileEncoding = 4; lastKnownFileType = sourcecode.c.objc; path = "IQUIScrollView+Additions.m"; sourceTree = "<group>"; };
		2DEA07911F6037070097D093 /* IQUITextFieldView+Additions.h */ = {isa = PBXFileReference; fileEncoding = 4; lastKnownFileType = sourcecode.c.h; path = "IQUITextFieldView+Additions.h"; sourceTree = "<group>"; };
		2DEA07921F6037070097D093 /* IQUITextFieldView+Additions.m */ = {isa = PBXFileReference; fileEncoding = 4; lastKnownFileType = sourcecode.c.objc; path = "IQUITextFieldView+Additions.m"; sourceTree = "<group>"; };
		2DEA07931F6037070097D093 /* IQUIView+Hierarchy.h */ = {isa = PBXFileReference; fileEncoding = 4; lastKnownFileType = sourcecode.c.h; path = "IQUIView+Hierarchy.h"; sourceTree = "<group>"; };
		2DEA07941F6037070097D093 /* IQUIView+Hierarchy.m */ = {isa = PBXFileReference; fileEncoding = 4; lastKnownFileType = sourcecode.c.objc; path = "IQUIView+Hierarchy.m"; sourceTree = "<group>"; };
		2DEA07951F6037070097D093 /* IQUIViewController+Additions.h */ = {isa = PBXFileReference; fileEncoding = 4; lastKnownFileType = sourcecode.c.h; path = "IQUIViewController+Additions.h"; sourceTree = "<group>"; };
		2DEA07961F6037070097D093 /* IQUIViewController+Additions.m */ = {isa = PBXFileReference; fileEncoding = 4; lastKnownFileType = sourcecode.c.objc; path = "IQUIViewController+Additions.m"; sourceTree = "<group>"; };
		2DEA07971F6037070097D093 /* IQUIWindow+Hierarchy.h */ = {isa = PBXFileReference; fileEncoding = 4; lastKnownFileType = sourcecode.c.h; path = "IQUIWindow+Hierarchy.h"; sourceTree = "<group>"; };
		2DEA07981F6037070097D093 /* IQUIWindow+Hierarchy.m */ = {isa = PBXFileReference; fileEncoding = 4; lastKnownFileType = sourcecode.c.objc; path = "IQUIWindow+Hierarchy.m"; sourceTree = "<group>"; };
		2DEA079A1F6037070097D093 /* IQKeyboardManagerConstants.h */ = {isa = PBXFileReference; fileEncoding = 4; lastKnownFileType = sourcecode.c.h; path = IQKeyboardManagerConstants.h; sourceTree = "<group>"; };
		2DEA079B1F6037070097D093 /* IQKeyboardManagerConstantsInternal.h */ = {isa = PBXFileReference; fileEncoding = 4; lastKnownFileType = sourcecode.c.h; path = IQKeyboardManagerConstantsInternal.h; sourceTree = "<group>"; };
		2DEA079C1F6037070097D093 /* IQKeyboardManager.h */ = {isa = PBXFileReference; fileEncoding = 4; lastKnownFileType = sourcecode.c.h; path = IQKeyboardManager.h; sourceTree = "<group>"; };
		2DEA079D1F6037070097D093 /* IQKeyboardManager.m */ = {isa = PBXFileReference; fileEncoding = 4; lastKnownFileType = sourcecode.c.objc; path = IQKeyboardManager.m; sourceTree = "<group>"; };
		2DEA079E1F6037070097D093 /* IQKeyboardReturnKeyHandler.h */ = {isa = PBXFileReference; fileEncoding = 4; lastKnownFileType = sourcecode.c.h; path = IQKeyboardReturnKeyHandler.h; sourceTree = "<group>"; };
		2DEA079F1F6037070097D093 /* IQKeyboardReturnKeyHandler.m */ = {isa = PBXFileReference; fileEncoding = 4; lastKnownFileType = sourcecode.c.objc; path = IQKeyboardReturnKeyHandler.m; sourceTree = "<group>"; };
		2DEA07A11F6037070097D093 /* IQTextView.h */ = {isa = PBXFileReference; fileEncoding = 4; lastKnownFileType = sourcecode.c.h; path = IQTextView.h; sourceTree = "<group>"; };
		2DEA07A21F6037070097D093 /* IQTextView.m */ = {isa = PBXFileReference; fileEncoding = 4; lastKnownFileType = sourcecode.c.objc; path = IQTextView.m; sourceTree = "<group>"; };
		2DEA07A41F6037070097D093 /* IQBarButtonItem.h */ = {isa = PBXFileReference; fileEncoding = 4; lastKnownFileType = sourcecode.c.h; path = IQBarButtonItem.h; sourceTree = "<group>"; };
		2DEA07A51F6037070097D093 /* IQBarButtonItem.m */ = {isa = PBXFileReference; fileEncoding = 4; lastKnownFileType = sourcecode.c.objc; path = IQBarButtonItem.m; sourceTree = "<group>"; };
		2DEA07A61F6037070097D093 /* IQPreviousNextView.h */ = {isa = PBXFileReference; fileEncoding = 4; lastKnownFileType = sourcecode.c.h; path = IQPreviousNextView.h; sourceTree = "<group>"; };
		2DEA07A71F6037070097D093 /* IQPreviousNextView.m */ = {isa = PBXFileReference; fileEncoding = 4; lastKnownFileType = sourcecode.c.objc; path = IQPreviousNextView.m; sourceTree = "<group>"; };
		2DEA07A81F6037070097D093 /* IQTitleBarButtonItem.h */ = {isa = PBXFileReference; fileEncoding = 4; lastKnownFileType = sourcecode.c.h; path = IQTitleBarButtonItem.h; sourceTree = "<group>"; };
		2DEA07A91F6037070097D093 /* IQTitleBarButtonItem.m */ = {isa = PBXFileReference; fileEncoding = 4; lastKnownFileType = sourcecode.c.objc; path = IQTitleBarButtonItem.m; sourceTree = "<group>"; };
		2DEA07AA1F6037070097D093 /* IQToolbar.h */ = {isa = PBXFileReference; fileEncoding = 4; lastKnownFileType = sourcecode.c.h; path = IQToolbar.h; sourceTree = "<group>"; };
		2DEA07AB1F6037070097D093 /* IQToolbar.m */ = {isa = PBXFileReference; fileEncoding = 4; lastKnownFileType = sourcecode.c.objc; path = IQToolbar.m; sourceTree = "<group>"; };
		2DEA07AC1F6037070097D093 /* IQUIView+IQKeyboardToolbar.h */ = {isa = PBXFileReference; fileEncoding = 4; lastKnownFileType = sourcecode.c.h; path = "IQUIView+IQKeyboardToolbar.h"; sourceTree = "<group>"; };
		2DEA07AD1F6037070097D093 /* IQUIView+IQKeyboardToolbar.m */ = {isa = PBXFileReference; fileEncoding = 4; lastKnownFileType = sourcecode.c.objc; path = "IQUIView+IQKeyboardToolbar.m"; sourceTree = "<group>"; };
		2DEA07AF1F6037070097D093 /* IQKeyboardManager.bundle */ = {isa = PBXFileReference; lastKnownFileType = "wrapper.plug-in"; path = IQKeyboardManager.bundle; sourceTree = "<group>"; };
		2DEA07B01F6037070097D093 /* LICENSE.md */ = {isa = PBXFileReference; fileEncoding = 4; lastKnownFileType = net.daringfireball.markdown; path = LICENSE.md; sourceTree = "<group>"; };
		2DEA07B11F6037070097D093 /* README.md */ = {isa = PBXFileReference; fileEncoding = 4; lastKnownFileType = net.daringfireball.markdown; path = README.md; sourceTree = "<group>"; };
		E9D4A89B1F5FE833006C1B67 /* mj_reuse.app */ = {isa = PBXFileReference; explicitFileType = wrapper.application; includeInIndex = 0; path = mj_reuse.app; sourceTree = BUILT_PRODUCTS_DIR; };
		E9D4A89F1F5FE833006C1B67 /* main.m */ = {isa = PBXFileReference; lastKnownFileType = sourcecode.c.objc; path = main.m; sourceTree = "<group>"; };
		E9D4A8A11F5FE833006C1B67 /* AppDelegate.h */ = {isa = PBXFileReference; lastKnownFileType = sourcecode.c.h; path = AppDelegate.h; sourceTree = "<group>"; };
		E9D4A8A21F5FE833006C1B67 /* AppDelegate.m */ = {isa = PBXFileReference; lastKnownFileType = sourcecode.c.objc; path = AppDelegate.m; sourceTree = "<group>"; };
		E9D4A8A41F5FE833006C1B67 /* ViewController.h */ = {isa = PBXFileReference; lastKnownFileType = sourcecode.c.h; path = ViewController.h; sourceTree = "<group>"; };
		E9D4A8A51F5FE833006C1B67 /* ViewController.m */ = {isa = PBXFileReference; lastKnownFileType = sourcecode.c.objc; path = ViewController.m; sourceTree = "<group>"; };
		E9D4A8A81F5FE833006C1B67 /* Base */ = {isa = PBXFileReference; lastKnownFileType = file.storyboard; name = Base; path = Base.lproj/Main.storyboard; sourceTree = "<group>"; };
		E9D4A8AA1F5FE833006C1B67 /* Assets.xcassets */ = {isa = PBXFileReference; lastKnownFileType = folder.assetcatalog; path = Assets.xcassets; sourceTree = "<group>"; };
		E9D4A8AD1F5FE833006C1B67 /* Base */ = {isa = PBXFileReference; lastKnownFileType = file.storyboard; name = Base; path = Base.lproj/LaunchScreen.storyboard; sourceTree = "<group>"; };
		E9D4A8AF1F5FE833006C1B67 /* Info.plist */ = {isa = PBXFileReference; lastKnownFileType = text.plist.xml; path = Info.plist; sourceTree = "<group>"; };
		E9D4A8B61F5FE87C006C1B67 /* HHRegistController.h */ = {isa = PBXFileReference; fileEncoding = 4; lastKnownFileType = sourcecode.c.h; path = HHRegistController.h; sourceTree = "<group>"; };
		E9D4A8B71F5FE87C006C1B67 /* HHRegistController.m */ = {isa = PBXFileReference; fileEncoding = 4; lastKnownFileType = sourcecode.c.objc; path = HHRegistController.m; sourceTree = "<group>"; };
		E9D4A8B91F5FEC32006C1B67 /* HHTextFieldCell.h */ = {isa = PBXFileReference; fileEncoding = 4; lastKnownFileType = sourcecode.c.h; path = HHTextFieldCell.h; sourceTree = "<group>"; };
		E9D4A8BA1F5FEC32006C1B67 /* HHTextFieldCell.m */ = {isa = PBXFileReference; fileEncoding = 4; lastKnownFileType = sourcecode.c.objc; path = HHTextFieldCell.m; sourceTree = "<group>"; };
		E9D4A8BB1F5FEC32006C1B67 /* HHTextFieldCell.xib */ = {isa = PBXFileReference; fileEncoding = 4; lastKnownFileType = file.xib; path = HHTextFieldCell.xib; sourceTree = "<group>"; };
		E9D4A8BF1F5FEEC2006C1B67 /* UIViewController+DismissKeyboard.h */ = {isa = PBXFileReference; fileEncoding = 4; lastKnownFileType = sourcecode.c.h; path = "UIViewController+DismissKeyboard.h"; sourceTree = "<group>"; };
		E9D4A8C01F5FEEC2006C1B67 /* UIViewController+DismissKeyboard.m */ = {isa = PBXFileReference; fileEncoding = 4; lastKnownFileType = sourcecode.c.objc; path = "UIViewController+DismissKeyboard.m"; sourceTree = "<group>"; };
		E9D4A8C21F5FEF90006C1B67 /* KeyboardManager.h */ = {isa = PBXFileReference; fileEncoding = 4; lastKnownFileType = sourcecode.c.h; path = KeyboardManager.h; sourceTree = "<group>"; };
		E9D4A8C31F5FEF90006C1B67 /* KeyboardManager.m */ = {isa = PBXFileReference; fileEncoding = 4; lastKnownFileType = sourcecode.c.objc; path = KeyboardManager.m; sourceTree = "<group>"; };
		E9D4A8C51F5FF10B006C1B67 /* HHTextModel.h */ = {isa = PBXFileReference; fileEncoding = 4; lastKnownFileType = sourcecode.c.h; path = HHTextModel.h; sourceTree = "<group>"; };
		E9D4A8C61F5FF10B006C1B67 /* HHTextModel.m */ = {isa = PBXFileReference; fileEncoding = 4; lastKnownFileType = sourcecode.c.objc; path = HHTextModel.m; sourceTree = "<group>"; };
/* End PBXFileReference section */

/* Begin PBXFrameworksBuildPhase section */
		E9D4A8981F5FE833006C1B67 /* Frameworks */ = {
			isa = PBXFrameworksBuildPhase;
			buildActionMask = 2147483647;
			files = (
			);
			runOnlyForDeploymentPostprocessing = 0;
		};
/* End PBXFrameworksBuildPhase section */

/* Begin PBXGroup section */
		2DEA07891F6036E20097D093 /* Lib */ = {
			isa = PBXGroup;
			children = (
				2DEA078A1F6037070097D093 /* IQKeyboardManager */,
			);
			path = Lib;
			sourceTree = "<group>";
		};
		2DEA078A1F6037070097D093 /* IQKeyboardManager */ = {
			isa = PBXGroup;
			children = (
				2DEA078B1F6037070097D093 /* IQKeyboardManager */,
				2DEA07B01F6037070097D093 /* LICENSE.md */,
				2DEA07B11F6037070097D093 /* README.md */,
			);
			path = IQKeyboardManager;
			sourceTree = "<group>";
		};
		2DEA078B1F6037070097D093 /* IQKeyboardManager */ = {
			isa = PBXGroup;
			children = (
				2DEA078C1F6037070097D093 /* Categories */,
				2DEA07991F6037070097D093 /* Constants */,
				2DEA079C1F6037070097D093 /* IQKeyboardManager.h */,
				2DEA079D1F6037070097D093 /* IQKeyboardManager.m */,
				2DEA079E1F6037070097D093 /* IQKeyboardReturnKeyHandler.h */,
				2DEA079F1F6037070097D093 /* IQKeyboardReturnKeyHandler.m */,
				2DEA07A01F6037070097D093 /* IQTextView */,
				2DEA07A31F6037070097D093 /* IQToolbar */,
				2DEA07AE1F6037070097D093 /* Resources */,
			);
			path = IQKeyboardManager;
			sourceTree = "<group>";
		};
		2DEA078C1F6037070097D093 /* Categories */ = {
			isa = PBXGroup;
			children = (
				2DEA078D1F6037070097D093 /* IQNSArray+Sort.h */,
				2DEA078E1F6037070097D093 /* IQNSArray+Sort.m */,
				2DEA078F1F6037070097D093 /* IQUIScrollView+Additions.h */,
				2DEA07901F6037070097D093 /* IQUIScrollView+Additions.m */,
				2DEA07911F6037070097D093 /* IQUITextFieldView+Additions.h */,
				2DEA07921F6037070097D093 /* IQUITextFieldView+Additions.m */,
				2DEA07931F6037070097D093 /* IQUIView+Hierarchy.h */,
				2DEA07941F6037070097D093 /* IQUIView+Hierarchy.m */,
				2DEA07951F6037070097D093 /* IQUIViewController+Additions.h */,
				2DEA07961F6037070097D093 /* IQUIViewController+Additions.m */,
				2DEA07971F6037070097D093 /* IQUIWindow+Hierarchy.h */,
				2DEA07981F6037070097D093 /* IQUIWindow+Hierarchy.m */,
			);
			path = Categories;
			sourceTree = "<group>";
		};
		2DEA07991F6037070097D093 /* Constants */ = {
			isa = PBXGroup;
			children = (
				2DEA079A1F6037070097D093 /* IQKeyboardManagerConstants.h */,
				2DEA079B1F6037070097D093 /* IQKeyboardManagerConstantsInternal.h */,
			);
			path = Constants;
			sourceTree = "<group>";
		};
		2DEA07A01F6037070097D093 /* IQTextView */ = {
			isa = PBXGroup;
			children = (
				2DEA07A11F6037070097D093 /* IQTextView.h */,
				2DEA07A21F6037070097D093 /* IQTextView.m */,
			);
			path = IQTextView;
			sourceTree = "<group>";
		};
		2DEA07A31F6037070097D093 /* IQToolbar */ = {
			isa = PBXGroup;
			children = (
				2DEA07A41F6037070097D093 /* IQBarButtonItem.h */,
				2DEA07A51F6037070097D093 /* IQBarButtonItem.m */,
				2DEA07A61F6037070097D093 /* IQPreviousNextView.h */,
				2DEA07A71F6037070097D093 /* IQPreviousNextView.m */,
				2DEA07A81F6037070097D093 /* IQTitleBarButtonItem.h */,
				2DEA07A91F6037070097D093 /* IQTitleBarButtonItem.m */,
				2DEA07AA1F6037070097D093 /* IQToolbar.h */,
				2DEA07AB1F6037070097D093 /* IQToolbar.m */,
				2DEA07AC1F6037070097D093 /* IQUIView+IQKeyboardToolbar.h */,
				2DEA07AD1F6037070097D093 /* IQUIView+IQKeyboardToolbar.m */,
			);
			path = IQToolbar;
			sourceTree = "<group>";
		};
		2DEA07AE1F6037070097D093 /* Resources */ = {
			isa = PBXGroup;
			children = (
				2DEA07AF1F6037070097D093 /* IQKeyboardManager.bundle */,
			);
			path = Resources;
			sourceTree = "<group>";
		};
		E9D4A8921F5FE833006C1B67 = {
			isa = PBXGroup;
			children = (
				2DEA07891F6036E20097D093 /* Lib */,
				E9D4A8BE1F5FEEB1006C1B67 /* Tool */,
				E9D4A8B51F5FE85F006C1B67 /* Code */,
				E9D4A89D1F5FE833006C1B67 /* mj_reuse */,
				E9D4A89C1F5FE833006C1B67 /* Products */,
			);
			sourceTree = "<group>";
		};
		E9D4A89C1F5FE833006C1B67 /* Products */ = {
			isa = PBXGroup;
			children = (
				E9D4A89B1F5FE833006C1B67 /* mj_reuse.app */,
			);
			name = Products;
			sourceTree = "<group>";
		};
		E9D4A89D1F5FE833006C1B67 /* mj_reuse */ = {
			isa = PBXGroup;
			children = (
				E9D4A8A11F5FE833006C1B67 /* AppDelegate.h */,
				E9D4A8A21F5FE833006C1B67 /* AppDelegate.m */,
				E9D4A8A41F5FE833006C1B67 /* ViewController.h */,
				E9D4A8A51F5FE833006C1B67 /* ViewController.m */,
				E9D4A8A71F5FE833006C1B67 /* Main.storyboard */,
				E9D4A8AA1F5FE833006C1B67 /* Assets.xcassets */,
				E9D4A8AC1F5FE833006C1B67 /* LaunchScreen.storyboard */,
				E9D4A8AF1F5FE833006C1B67 /* Info.plist */,
				E9D4A89E1F5FE833006C1B67 /* Supporting Files */,
			);
			path = mj_reuse;
			sourceTree = "<group>";
		};
		E9D4A89E1F5FE833006C1B67 /* Supporting Files */ = {
			isa = PBXGroup;
			children = (
				E9D4A89F1F5FE833006C1B67 /* main.m */,
			);
			name = "Supporting Files";
			sourceTree = "<group>";
		};
		E9D4A8B51F5FE85F006C1B67 /* Code */ = {
			isa = PBXGroup;
			children = (
				E9D4A8B61F5FE87C006C1B67 /* HHRegistController.h */,
				E9D4A8B71F5FE87C006C1B67 /* HHRegistController.m */,
				E9D4A8B91F5FEC32006C1B67 /* HHTextFieldCell.h */,
				E9D4A8BA1F5FEC32006C1B67 /* HHTextFieldCell.m */,
				E9D4A8BB1F5FEC32006C1B67 /* HHTextFieldCell.xib */,
				E9D4A8C51F5FF10B006C1B67 /* HHTextModel.h */,
				E9D4A8C61F5FF10B006C1B67 /* HHTextModel.m */,
			);
			path = Code;
			sourceTree = "<group>";
		};
		E9D4A8BE1F5FEEB1006C1B67 /* Tool */ = {
			isa = PBXGroup;
			children = (
				E9D4A8BF1F5FEEC2006C1B67 /* UIViewController+DismissKeyboard.h */,
				E9D4A8C01F5FEEC2006C1B67 /* UIViewController+DismissKeyboard.m */,
				E9D4A8C21F5FEF90006C1B67 /* KeyboardManager.h */,
				E9D4A8C31F5FEF90006C1B67 /* KeyboardManager.m */,
			);
			path = Tool;
			sourceTree = "<group>";
		};
/* End PBXGroup section */

/* Begin PBXNativeTarget section */
		E9D4A89A1F5FE833006C1B67 /* mj_reuse */ = {
			isa = PBXNativeTarget;
			buildConfigurationList = E9D4A8B21F5FE833006C1B67 /* Build configuration list for PBXNativeTarget "mj_reuse" */;
			buildPhases = (
				E9D4A8971F5FE833006C1B67 /* Sources */,
				E9D4A8981F5FE833006C1B67 /* Frameworks */,
				E9D4A8991F5FE833006C1B67 /* Resources */,
			);
			buildRules = (
			);
			dependencies = (
			);
			name = mj_reuse;
			productName = mj_reuse;
			productReference = E9D4A89B1F5FE833006C1B67 /* mj_reuse.app */;
			productType = "com.apple.product-type.application";
		};
/* End PBXNativeTarget section */

/* Begin PBXProject section */
		E9D4A8931F5FE833006C1B67 /* Project object */ = {
			isa = PBXProject;
			attributes = {
				LastUpgradeCheck = 0830;
				ORGANIZATIONNAME = meiyue;
				TargetAttributes = {
					E9D4A89A1F5FE833006C1B67 = {
						CreatedOnToolsVersion = 8.3.3;
						DevelopmentTeam = U849E38UE8;
						ProvisioningStyle = Automatic;
					};
				};
			};
			buildConfigurationList = E9D4A8961F5FE833006C1B67 /* Build configuration list for PBXProject "mj_reuse" */;
			compatibilityVersion = "Xcode 3.2";
			developmentRegion = English;
			hasScannedForEncodings = 0;
			knownRegions = (
				en,
				Base,
			);
			mainGroup = E9D4A8921F5FE833006C1B67;
			productRefGroup = E9D4A89C1F5FE833006C1B67 /* Products */;
			projectDirPath = "";
			projectRoot = "";
			targets = (
				E9D4A89A1F5FE833006C1B67 /* mj_reuse */,
			);
		};
/* End PBXProject section */

/* Begin PBXResourcesBuildPhase section */
		E9D4A8991F5FE833006C1B67 /* Resources */ = {
			isa = PBXResourcesBuildPhase;
			buildActionMask = 2147483647;
			files = (
				2DEA07C01F6037070097D093 /* IQKeyboardManager.bundle in Resources */,
				E9D4A8AE1F5FE833006C1B67 /* LaunchScreen.storyboard in Resources */,
				E9D4A8BD1F5FEC32006C1B67 /* HHTextFieldCell.xib in Resources */,
				E9D4A8AB1F5FE833006C1B67 /* Assets.xcassets in Resources */,
				E9D4A8A91F5FE833006C1B67 /* Main.storyboard in Resources */,
			);
			runOnlyForDeploymentPostprocessing = 0;
		};
/* End PBXResourcesBuildPhase section */

/* Begin PBXSourcesBuildPhase section */
		E9D4A8971F5FE833006C1B67 /* Sources */ = {
			isa = PBXSourcesBuildPhase;
			buildActionMask = 2147483647;
			files = (
				2DEA07B81F6037070097D093 /* IQKeyboardManager.m in Sources */,
				2DEA07B41F6037070097D093 /* IQUITextFieldView+Additions.m in Sources */,
				2DEA07BE1F6037070097D093 /* IQToolbar.m in Sources */,
				2DEA07BF1F6037070097D093 /* IQUIView+IQKeyboardToolbar.m in Sources */,
				2DEA07B61F6037070097D093 /* IQUIViewController+Additions.m in Sources */,
				E9D4A8C11F5FEEC2006C1B67 /* UIViewController+DismissKeyboard.m in Sources */,
				2DEA07C21F6037070097D093 /* README.md in Sources */,
				2DEA07B31F6037070097D093 /* IQUIScrollView+Additions.m in Sources */,
				2DEA07BD1F6037070097D093 /* IQTitleBarButtonItem.m in Sources */,
				2DEA07BA1F6037070097D093 /* IQTextView.m in Sources */,
				E9D4A8A61F5FE833006C1B67 /* ViewController.m in Sources */,
				2DEA07B51F6037070097D093 /* IQUIView+Hierarchy.m in Sources */,
				2DEA07BB1F6037070097D093 /* IQBarButtonItem.m in Sources */,
				E9D4A8B81F5FE87C006C1B67 /* HHRegistController.m in Sources */,
				2DEA07C11F6037070097D093 /* LICENSE.md in Sources */,
				E9D4A8BC1F5FEC32006C1B67 /* HHTextFieldCell.m in Sources */,
				2DEA07B91F6037070097D093 /* IQKeyboardReturnKeyHandler.m in Sources */,
				E9D4A8A31F5FE833006C1B67 /* AppDelegate.m in Sources */,
				2DEA07B71F6037070097D093 /* IQUIWindow+Hierarchy.m in Sources */,
				E9D4A8C41F5FEF90006C1B67 /* KeyboardManager.m in Sources */,
				2DEA07B21F6037070097D093 /* IQNSArray+Sort.m in Sources */,
				E9D4A8C71F5FF10B006C1B67 /* HHTextModel.m in Sources */,
				E9D4A8A01F5FE833006C1B67 /* main.m in Sources */,
				2DEA07BC1F6037070097D093 /* IQPreviousNextView.m in Sources */,
			);
			runOnlyForDeploymentPostprocessing = 0;
		};
/* End PBXSourcesBuildPhase section */

/* Begin PBXVariantGroup section */
		E9D4A8A71F5FE833006C1B67 /* Main.storyboard */ = {
			isa = PBXVariantGroup;
			children = (
				E9D4A8A81F5FE833006C1B67 /* Base */,
			);
			name = Main.storyboard;
			sourceTree = "<group>";
		};
		E9D4A8AC1F5FE833006C1B67 /* LaunchScreen.storyboard */ = {
			isa = PBXVariantGroup;
			children = (
				E9D4A8AD1F5FE833006C1B67 /* Base */,
			);
			name = LaunchScreen.storyboard;
			sourceTree = "<group>";
		};
/* End PBXVariantGroup section */

/* Begin XCBuildConfiguration section */
		E9D4A8B01F5FE833006C1B67 /* Debug */ = {
			isa = XCBuildConfiguration;
			buildSettings = {
				ALWAYS_SEARCH_USER_PATHS = NO;
				CLANG_ANALYZER_NONNULL = YES;
				CLANG_ANALYZER_NUMBER_OBJECT_CONVERSION = YES_AGGRESSIVE;
				CLANG_CXX_LANGUAGE_STANDARD = "gnu++0x";
				CLANG_CXX_LIBRARY = "libc++";
				CLANG_ENABLE_MODULES = YES;
				CLANG_ENABLE_OBJC_ARC = YES;
				CLANG_WARN_BOOL_CONVERSION = YES;
				CLANG_WARN_CONSTANT_CONVERSION = YES;
				CLANG_WARN_DIRECT_OBJC_ISA_USAGE = YES_ERROR;
				CLANG_WARN_DOCUMENTATION_COMMENTS = YES;
				CLANG_WARN_EMPTY_BODY = YES;
				CLANG_WARN_ENUM_CONVERSION = YES;
				CLANG_WARN_INFINITE_RECURSION = YES;
				CLANG_WARN_INT_CONVERSION = YES;
				CLANG_WARN_OBJC_ROOT_CLASS = YES_ERROR;
				CLANG_WARN_SUSPICIOUS_MOVE = YES;
				CLANG_WARN_UNREACHABLE_CODE = YES;
				CLANG_WARN__DUPLICATE_METHOD_MATCH = YES;
				"CODE_SIGN_IDENTITY[sdk=iphoneos*]" = "iPhone Developer";
				COPY_PHASE_STRIP = NO;
				DEBUG_INFORMATION_FORMAT = dwarf;
				ENABLE_STRICT_OBJC_MSGSEND = YES;
				ENABLE_TESTABILITY = YES;
				GCC_C_LANGUAGE_STANDARD = gnu99;
				GCC_DYNAMIC_NO_PIC = NO;
				GCC_NO_COMMON_BLOCKS = YES;
				GCC_OPTIMIZATION_LEVEL = 0;
				GCC_PREPROCESSOR_DEFINITIONS = (
					"DEBUG=1",
					"$(inherited)",
				);
				GCC_WARN_64_TO_32_BIT_CONVERSION = YES;
				GCC_WARN_ABOUT_RETURN_TYPE = YES_ERROR;
				GCC_WARN_UNDECLARED_SELECTOR = YES;
				GCC_WARN_UNINITIALIZED_AUTOS = YES_AGGRESSIVE;
				GCC_WARN_UNUSED_FUNCTION = YES;
				GCC_WARN_UNUSED_VARIABLE = YES;
				IPHONEOS_DEPLOYMENT_TARGET = 10.3;
				MTL_ENABLE_DEBUG_INFO = YES;
				ONLY_ACTIVE_ARCH = YES;
				SDKROOT = iphoneos;
				TARGETED_DEVICE_FAMILY = "1,2";
			};
			name = Debug;
		};
		E9D4A8B11F5FE833006C1B67 /* Release */ = {
			isa = XCBuildConfiguration;
			buildSettings = {
				ALWAYS_SEARCH_USER_PATHS = NO;
				CLANG_ANALYZER_NONNULL = YES;
				CLANG_ANALYZER_NUMBER_OBJECT_CONVERSION = YES_AGGRESSIVE;
				CLANG_CXX_LANGUAGE_STANDARD = "gnu++0x";
				CLANG_CXX_LIBRARY = "libc++";
				CLANG_ENABLE_MODULES = YES;
				CLANG_ENABLE_OBJC_ARC = YES;
				CLANG_WARN_BOOL_CONVERSION = YES;
				CLANG_WARN_CONSTANT_CONVERSION = YES;
				CLANG_WARN_DIRECT_OBJC_ISA_USAGE = YES_ERROR;
				CLANG_WARN_DOCUMENTATION_COMMENTS = YES;
				CLANG_WARN_EMPTY_BODY = YES;
				CLANG_WARN_ENUM_CONVERSION = YES;
				CLANG_WARN_INFINITE_RECURSION = YES;
				CLANG_WARN_INT_CONVERSION = YES;
				CLANG_WARN_OBJC_ROOT_CLASS = YES_ERROR;
				CLANG_WARN_SUSPICIOUS_MOVE = YES;
				CLANG_WARN_UNREACHABLE_CODE = YES;
				CLANG_WARN__DUPLICATE_METHOD_MATCH = YES;
				"CODE_SIGN_IDENTITY[sdk=iphoneos*]" = "iPhone Developer";
				COPY_PHASE_STRIP = NO;
				DEBUG_INFORMATION_FORMAT = "dwarf-with-dsym";
				ENABLE_NS_ASSERTIONS = NO;
				ENABLE_STRICT_OBJC_MSGSEND = YES;
				GCC_C_LANGUAGE_STANDARD = gnu99;
				GCC_NO_COMMON_BLOCKS = YES;
				GCC_WARN_64_TO_32_BIT_CONVERSION = YES;
				GCC_WARN_ABOUT_RETURN_TYPE = YES_ERROR;
				GCC_WARN_UNDECLARED_SELECTOR = YES;
				GCC_WARN_UNINITIALIZED_AUTOS = YES_AGGRESSIVE;
				GCC_WARN_UNUSED_FUNCTION = YES;
				GCC_WARN_UNUSED_VARIABLE = YES;
				IPHONEOS_DEPLOYMENT_TARGET = 10.3;
				MTL_ENABLE_DEBUG_INFO = NO;
				SDKROOT = iphoneos;
				TARGETED_DEVICE_FAMILY = "1,2";
				VALIDATE_PRODUCT = YES;
			};
			name = Release;
		};
		E9D4A8B31F5FE833006C1B67 /* Debug */ = {
			isa = XCBuildConfiguration;
			buildSettings = {
				ASSETCATALOG_COMPILER_APPICON_NAME = AppIcon;
				DEVELOPMENT_TEAM = U849E38UE8;
				INFOPLIST_FILE = mj_reuse/Info.plist;
				IPHONEOS_DEPLOYMENT_TARGET = 8.0;
				LD_RUNPATH_SEARCH_PATHS = "$(inherited) @executable_path/Frameworks";
				PRODUCT_BUNDLE_IDENTIFIER = com.weuse.www;
				PRODUCT_NAME = "$(TARGET_NAME)";
			};
			name = Debug;
		};
		E9D4A8B41F5FE833006C1B67 /* Release */ = {
			isa = XCBuildConfiguration;
			buildSettings = {
				ASSETCATALOG_COMPILER_APPICON_NAME = AppIcon;
				DEVELOPMENT_TEAM = U849E38UE8;
				INFOPLIST_FILE = mj_reuse/Info.plist;
				IPHONEOS_DEPLOYMENT_TARGET = 8.0;
				LD_RUNPATH_SEARCH_PATHS = "$(inherited) @executable_path/Frameworks";
				PRODUCT_BUNDLE_IDENTIFIER = com.weuse.www;
				PRODUCT_NAME = "$(TARGET_NAME)";
			};
			name = Release;
		};
/* End XCBuildConfiguration section */

/* Begin XCConfigurationList section */
		E9D4A8961F5FE833006C1B67 /* Build configuration list for PBXProject "mj_reuse" */ = {
			isa = XCConfigurationList;
			buildConfigurations = (
				E9D4A8B01F5FE833006C1B67 /* Debug */,
				E9D4A8B11F5FE833006C1B67 /* Release */,
			);
			defaultConfigurationIsVisible = 0;
			defaultConfigurationName = Release;
		};
		E9D4A8B21F5FE833006C1B67 /* Build configuration list for PBXNativeTarget "mj_reuse" */ = {
			isa = XCConfigurationList;
			buildConfigurations = (
				E9D4A8B31F5FE833006C1B67 /* Debug */,
				E9D4A8B41F5FE833006C1B67 /* Release */,
			);
			defaultConfigurationIsVisible = 0;
			defaultConfigurationName = Release;
		};
/* End XCConfigurationList section */
	};
	rootObject = E9D4A8931F5FE833006C1B67 /* Project object */;
}
